Microsoft Visual Studio Solution File, Format Version 12.00
# Visual Studio Version 17
VisualStudioVersion = 17.5.2.0
MinimumVisualStudioVersion = 10.0.40219.1
Project("{FAE04EC0-301F-11D3-BF4B-00C04F79EFBC}") = "SegurosApi", "SegurosApi.csproj", "{D5B26F57-1968-65FB-605A-82632C59477F}"
EndProject
Global
	GlobalSection(SolutionConfigurationPlatforms) = preSolution
		Debug|Any CPU = Debug|Any CPU
		Release|Any CPU = Release|Any CPU
	EndGlobalSection
	GlobalSection(ProjectConfigurationPlatforms) = postSolution
		{D5B26F57-1968-65FB-605A-82632C59477F}.Debug|Any CPU.ActiveCfg = Debug|Any CPU
		{D5B26F57-1968-65FB-605A-82632C59477F}.Debug|Any CPU.Build.0 = Debug|Any CPU
		{D5B26F57-1968-65FB-605A-82632C59477F}.Release|Any CPU.ActiveCfg = Release|Any CPU
		{D5B26F57-1968-65FB-605A-82632C59477F}.Release|Any CPU.Build.0 = Release|Any CPU
	EndGlobalSection
	GlobalSection(SolutionProperties) = preSolution
		HideSolutionNode = FALSE
	EndGlobalSection
	GlobalSection(ExtensibilityGlobals) = postSolution
		SolutionGuid = {95616159-573B-4236-A29E-B7C989101E47}
	EndGlobalSection
EndGlobal
